// !$*UTF8*$!
{
	archiveVersion = 1;
	classes = {
	};
	objectVersion = 56;
	objects = {

/* Begin PBXBuildFile section */
		C1A1FE9728D2979B00463C34 /* Models.swift in Sources */ = {isa = PBXBuildFile; fileRef = C1A1FE9628D2979B00463C34 /* Models.swift */; };
		C1A1FE9928D2988300463C34 /* ViewModel.swift in Sources */ = {isa = PBXBuildFile; fileRef = C1A1FE9828D2988300463C34 /* ViewModel.swift */; };
		C1A605EA28D21EEB0004EF27 /* AppDelegate.swift in Sources */ = {isa = PBXBuildFile; fileRef = C1A605E928D21EEB0004EF27 /* AppDelegate.swift */; };
		C1A605EC28D21EEB0004EF27 /* SceneDelegate.swift in Sources */ = {isa = PBXBuildFile; fileRef = C1A605EB28D21EEB0004EF27 /* SceneDelegate.swift */; };
		C1A605EE28D21EEB0004EF27 /* GridViewController.swift in Sources */ = {isa = PBXBuildFile; fileRef = C1A605ED28D21EEB0004EF27 /* GridViewController.swift */; };
		C1A605F128D21EEB0004EF27 /* Main.storyboard in Resources */ = {isa = PBXBuildFile; fileRef = C1A605EF28D21EEB0004EF27 /* Main.storyboard */; };
		C1A605F328D21EEE0004EF27 /* Assets.xcassets in Resources */ = {isa = PBXBuildFile; fileRef = C1A605F228D21EEE0004EF27 /* Assets.xcassets */; };
		C1A605F628D21EEE0004EF27 /* LaunchScreen.storyboard in Resources */ = {isa = PBXBuildFile; fileRef = C1A605F428D21EEE0004EF27 /* LaunchScreen.storyboard */; };
		C1A605FE28D220A60004EF27 /* GridCollectionViewCell.swift in Sources */ = {isa = PBXBuildFile; fileRef = C1A605FD28D220A60004EF27 /* GridCollectionViewCell.swift */; };
		C1DC02A428D264A700DC4614 /* Extentions.swift in Sources */ = {isa = PBXBuildFile; fileRef = C1DC02A328D264A700DC4614 /* Extentions.swift */; };
/* End PBXBuildFile section */

/* Begin PBXFileReference section */
		C1A1FE9628D2979B00463C34 /* Models.swift */ = {isa = PBXFileReference; lastKnownFileType = sourcecode.swift; path = Models.swift; sourceTree = "<group>"; };
		C1A1FE9828D2988300463C34 /* ViewModel.swift */ = {isa = PBXFileReference; lastKnownFileType = sourcecode.swift; path = ViewModel.swift; sourceTree = "<group>"; };
		C1A605E628D21EEB0004EF27 /* GameOfLife.app */ = {isa = PBXFileReference; explicitFileType = wrapper.application; includeInIndex = 0; path = GameOfLife.app; sourceTree = BUILT_PRODUCTS_DIR; };
		C1A605E928D21EEB0004EF27 /* AppDelegate.swift */ = {isa = PBXFileReference; lastKnownFileType = sourcecode.swift; path = AppDelegate.swift; sourceTree = "<group>"; };
		C1A605EB28D21EEB0004EF27 /* SceneDelegate.swift */ = {isa = PBXFileReference; lastKnownFileType = sourcecode.swift; path = SceneDelegate.swift; sourceTree = "<group>"; };
		C1A605ED28D21EEB0004EF27 /* GridViewController.swift */ = {isa = PBXFileReference; lastKnownFileType = sourcecode.swift; path = GridViewController.swift; sourceTree = "<group>"; };
		C1A605F028D21EEB0004EF27 /* Base */ = {isa = PBXFileReference; lastKnownFileType = file.storyboard; name = Base; path = Base.lproj/Main.storyboard; sourceTree = "<group>"; };
		C1A605F228D21EEE0004EF27 /* Assets.xcassets */ = {isa = PBXFileReference; lastKnownFileType = folder.assetcatalog; path = Assets.xcassets; sourceTree = "<group>"; };
		C1A605F528D21EEE0004EF27 /* Base */ = {isa = PBXFileReference; lastKnownFileType = file.storyboard; name = Base; path = Base.lproj/LaunchScreen.storyboard; sourceTree = "<group>"; };
		C1A605F728D21EEE0004EF27 /* Info.plist */ = {isa = PBXFileReference; lastKnownFileType = text.plist.xml; path = Info.plist; sourceTree = "<group>"; };
		C1A605FD28D220A60004EF27 /* GridCollectionViewCell.swift */ = {isa = PBXFileReference; lastKnownFileType = sourcecode.swift; path = GridCollectionViewCell.swift; sourceTree = "<group>"; };
		C1DC02A328D264A700DC4614 /* Extentions.swift */ = {isa = PBXFileReference; lastKnownFileType = sourcecode.swift; path = Extentions.swift; sourceTree = "<group>"; };
/* End PBXFileReference section */

/* Begin PBXFrameworksBuildPhase section */
		C1A605E328D21EEB0004EF27 /* Frameworks */ = {
			isa = PBXFrameworksBuildPhase;
			buildActionMask = 2147483647;
			files = (
			);
			runOnlyForDeploymentPostprocessing = 0;
		};
/* End PBXFrameworksBuildPhase section */

/* Begin PBXGroup section */
		C17B1B5F28D2E2F0002ABD67 /* Models */ = {
			isa = PBXGroup;
			children = (
				C1A1FE9628D2979B00463C34 /* Models.swift */,
			);
			path = Models;
			sourceTree = "<group>";
		};
		C17B1B6028D2E305002ABD67 /* GOLViewModel */ = {
			isa = PBXGroup;
			children = (
				C1A1FE9828D2988300463C34 /* ViewModel.swift */,
			);
			path = GOLViewModel;
			sourceTree = "<group>";
		};
		C1A605DD28D21EEB0004EF27 = {
			isa = PBXGroup;
			children = (
				C1A605E828D21EEB0004EF27 /* GameOfLife */,
				C1A605E728D21EEB0004EF27 /* Products */,
			);
			sourceTree = "<group>";
		};
		C1A605E728D21EEB0004EF27 /* Products */ = {
			isa = PBXGroup;
			children = (
				C1A605E628D21EEB0004EF27 /* GameOfLife.app */,
			);
			name = Products;
			sourceTree = "<group>";
		};
		C1A605E828D21EEB0004EF27 /* GameOfLife */ = {
			isa = PBXGroup;
			children = (
				C1A605E928D21EEB0004EF27 /* AppDelegate.swift */,
				C1A605EB28D21EEB0004EF27 /* SceneDelegate.swift */,
				C17B1B5F28D2E2F0002ABD67 /* Models */,
				C17B1B6028D2E305002ABD67 /* GOLViewModel */,
				C1DC02A728D266AC00DC4614 /* Views */,
				C1DC02A628D2669900DC4614 /* Controllers */,
				C1DC02A528D2666800DC4614 /* Utilities */,
				C1A605EF28D21EEB0004EF27 /* Main.storyboard */,
				C1A605F228D21EEE0004EF27 /* Assets.xcassets */,
				C1A605F428D21EEE0004EF27 /* LaunchScreen.storyboard */,
				C1A605F728D21EEE0004EF27 /* Info.plist */,
			);
			path = GameOfLife;
			sourceTree = "<group>";
		};
		C1DC02A528D2666800DC4614 /* Utilities */ = {
			isa = PBXGroup;
			children = (
				C1DC02A328D264A700DC4614 /* Extentions.swift */,
			);
			path = Utilities;
			sourceTree = "<group>";
		};
		C1DC02A628D2669900DC4614 /* Controllers */ = {
			isa = PBXGroup;
			children = (
				C1A605ED28D21EEB0004EF27 /* GridViewController.swift */,
			);
			path = Controllers;
			sourceTree = "<group>";
		};
		C1DC02A728D266AC00DC4614 /* Views */ = {
			isa = PBXGroup;
			children = (
				C1A605FD28D220A60004EF27 /* GridCollectionViewCell.swift */,
			);
			path = Views;
			sourceTree = "<group>";
		};
/* End PBXGroup section */

/* Begin PBXNativeTarget section */
		C1A605E528D21EEB0004EF27 /* GameOfLife */ = {
			isa = PBXNativeTarget;
			buildConfigurationList = C1A605FA28D21EEE0004EF27 /* Build configuration list for PBXNativeTarget "GameOfLife" */;
			buildPhases = (
				C1A605E228D21EEB0004EF27 /* Sources */,
				C1A605E328D21EEB0004EF27 /* Frameworks */,
				C1A605E428D21EEB0004EF27 /* Resources */,
			);
			buildRules = (
			);
			dependencies = (
			);
			name = GameOfLife;
			productName = GameOfLife;
			productReference = C1A605E628D21EEB0004EF27 /* GameOfLife.app */;
			productType = "com.apple.product-type.application";
		};
/* End PBXNativeTarget section */

/* Begin PBXProject section */
		C1A605DE28D21EEB0004EF27 /* Project object */ = {
			isa = PBXProject;
			attributes = {
				BuildIndependentTargetsInParallel = 1;
				LastSwiftUpdateCheck = 1400;
				LastUpgradeCheck = 1400;
				TargetAttributes = {
					C1A605E528D21EEB0004EF27 = {
						CreatedOnToolsVersion = 14.0;
					};
				};
			};
			buildConfigurationList = C1A605E128D21EEB0004EF27 /* Build configuration list for PBXProject "GameOfLife" */;
			compatibilityVersion = "Xcode 14.0";
			developmentRegion = en;
			hasScannedForEncodings = 0;
			knownRegions = (
				en,
				Base,
			);
			mainGroup = C1A605DD28D21EEB0004EF27;
			productRefGroup = C1A605E728D21EEB0004EF27 /* Products */;
			projectDirPath = "";
			projectRoot = "";
			targets = (
				C1A605E528D21EEB0004EF27 /* GameOfLife */,
			);
		};
/* End PBXProject section */

/* Begin PBXResourcesBuildPhase section */
		C1A605E428D21EEB0004EF27 /* Resources */ = {
			isa = PBXResourcesBuildPhase;
			buildActionMask = 2147483647;
			files = (
				C1A605F628D21EEE0004EF27 /* LaunchScreen.storyboard in Resources */,
				C1A605F328D21EEE0004EF27 /* Assets.xcassets in Resources */,
				C1A605F128D21EEB0004EF27 /* Main.storyboard in Resources */,
			);
			runOnlyForDeploymentPostprocessing = 0;
		};
/* End PBXResourcesBuildPhase section */

/* Begin PBXSourcesBuildPhase section */
		C1A605E228D21EEB0004EF27 /* Sources */ = {
			isa = PBXSourcesBuildPhase;
			buildActionMask = 2147483647;
			files = (
				C1A605FE28D220A60004EF27 /* GridCollectionViewCell.swift in Sources */,
				C1A605EE28D21EEB0004EF27 /* GridViewController.swift in Sources */,
				C1DC02A428D264A700DC4614 /* Extentions.swift in Sources */,
				C1A1FE9728D2979B00463C34 /* Models.swift in Sources */,
				C1A605EA28D21EEB0004EF27 /* AppDelegate.swift in Sources */,
				C1A605EC28D21EEB0004EF27 /* SceneDelegate.swift in Sources */,
				C1A1FE9928D2988300463C34 /* ViewModel.swift in Sources */,
			);
			runOnlyForDeploymentPostprocessing = 0;
		};
/* End PBXSourcesBuildPhase section */

/* Begin PBXVariantGroup section */
		C1A605EF28D21EEB0004EF27 /* Main.storyboard */ = {
			isa = PBXVariantGroup;
			children = (
				C1A605F028D21EEB0004EF27 /* Base */,
			);
			name = Main.storyboard;
			sourceTree = "<group>";
		};
		C1A605F428D21EEE0004EF27 /* LaunchScreen.storyboard */ = {
			isa = PBXVariantGroup;
			children = (
				C1A605F528D21EEE0004EF27 /* Base */,
			);
			name = LaunchScreen.storyboard;
			sourceTree = "<group>";
		};
/* End PBXVariantGroup section */

/* Begin XCBuildConfiguration section */
		C1A605F828D21EEE0004EF27 /* Debug */ = {
			isa = XCBuildConfiguration;
			buildSettings = {
				ALWAYS_SEARCH_USER_PATHS = NO;
				CLANG_ANALYZER_NONNULL = YES;
				CLANG_ANALYZER_NUMBER_OBJECT_CONVERSION = YES_AGGRESSIVE;
				CLANG_CXX_LANGUAGE_STANDARD = "gnu++20";
				CLANG_ENABLE_MODULES = YES;
				CLANG_ENABLE_OBJC_ARC = YES;
				CLANG_ENABLE_OBJC_WEAK = YES;
				CLANG_WARN_BLOCK_CAPTURE_AUTORELEASING = YES;
				CLANG_WARN_BOOL_CONVERSION = YES;
				CLANG_WARN_COMMA = YES;
				CLANG_WARN_CONSTANT_CONVERSION = YES;
				CLANG_WARN_DEPRECATED_OBJC_IMPLEMENTATIONS = YES;
				CLANG_WARN_DIRECT_OBJC_ISA_USAGE = YES_ERROR;
				CLANG_WARN_DOCUMENTATION_COMMENTS = YES;
				CLANG_WARN_EMPTY_BODY = YES;
				CLANG_WARN_ENUM_CONVERSION = YES;
				CLANG_WARN_INFINITE_RECURSION = YES;
				CLANG_WARN_INT_CONVERSION = YES;
				CLANG_WARN_NON_LITERAL_NULL_CONVERSION = YES;
				CLANG_WARN_OBJC_IMPLICIT_RETAIN_SELF = YES;
				CLANG_WARN_OBJC_LITERAL_CONVERSION = YES;
				CLANG_WARN_OBJC_ROOT_CLASS = YES_ERROR;
				CLANG_WARN_QUOTED_INCLUDE_IN_FRAMEWORK_HEADER = YES;
				CLANG_WARN_RANGE_LOOP_ANALYSIS = YES;
				CLANG_WARN_STRICT_PROTOTYPES = YES;
				CLANG_WARN_SUSPICIOUS_MOVE = YES;
				CLANG_WARN_UNGUARDED_AVAILABILITY = YES_AGGRESSIVE;
				CLANG_WARN_UNREACHABLE_CODE = YES;
				CLANG_WARN__DUPLICATE_METHOD_MATCH = YES;
				COPY_PHASE_STRIP = NO;
				DEBUG_INFORMATION_FORMAT = dwarf;
				ENABLE_STRICT_OBJC_MSGSEND = YES;
				ENABLE_TESTABILITY = YES;
				GCC_C_LANGUAGE_STANDARD = gnu11;
				GCC_DYNAMIC_NO_PIC = NO;
				GCC_NO_COMMON_BLOCKS = YES;
				GCC_OPTIMIZATION_LEVEL = 0;
				GCC_PREPROCESSOR_DEFINITIONS = (
					"DEBUG=1",
					"$(inherited)",
				);
				GCC_WARN_64_TO_32_BIT_CONVERSION = YES;
				GCC_WARN_ABOUT_RETURN_TYPE = YES_ERROR;
				GCC_WARN_UNDECLARED_SELECTOR = YES;
				GCC_WARN_UNINITIALIZED_AUTOS = YES_AGGRESSIVE;
				GCC_WARN_UNUSED_FUNCTION = YES;
				GCC_WARN_UNUSED_VARIABLE = YES;
				IPHONEOS_DEPLOYMENT_TARGET = 16.0;
				MTL_ENABLE_DEBUG_INFO = INCLUDE_SOURCE;
				MTL_FAST_MATH = YES;
				ONLY_ACTIVE_ARCH = YES;
				SDKROOT = iphoneos;
				SWIFT_ACTIVE_COMPILATION_CONDITIONS = DEBUG;
				SWIFT_OPTIMIZATION_LEVEL = "-Onone";
			};
			name = Debug;
		};
		C1A605F928D21EEE0004EF27 /* Release */ = {
			isa = XCBuildConfiguration;
			buildSettings = {
				ALWAYS_SEARCH_USER_PATHS = NO;
				CLANG_ANALYZER_NONNULL = YES;
				CLANG_ANALYZER_NUMBER_OBJECT_CONVERSION = YES_AGGRESSIVE;
				CLANG_CXX_LANGUAGE_STANDARD = "gnu++20";
				CLANG_ENABLE_MODULES = YES;
				CLANG_ENABLE_OBJC_ARC = YES;
				CLANG_ENABLE_OBJC_WEAK = YES;
				CLANG_WARN_BLOCK_CAPTURE_AUTORELEASING = YES;
				CLANG_WARN_BOOL_CONVERSION = YES;
				CLANG_WARN_COMMA = YES;
				CLANG_WARN_CONSTANT_CONVERSION = YES;
				CLANG_WARN_DEPRECATED_OBJC_IMPLEMENTATIONS = YES;
				CLANG_WARN_DIRECT_OBJC_ISA_USAGE = YES_ERROR;
				CLANG_WARN_DOCUMENTATION_COMMENTS = YES;
				CLANG_WARN_EMPTY_BODY = YES;
				CLANG_WARN_ENUM_CONVERSION = YES;
				CLANG_WARN_INFINITE_RECURSION = YES;
				CLANG_WARN_INT_CONVERSION = YES;
				CLANG_WARN_NON_LITERAL_NULL_CONVERSION = YES;
				CLANG_WARN_OBJC_IMPLICIT_RETAIN_SELF = YES;
				CLANG_WARN_OBJC_LITERAL_CONVERSION = YES;
				CLANG_WARN_OBJC_ROOT_CLASS = YES_ERROR;
				CLANG_WARN_QUOTED_INCLUDE_IN_FRAMEWORK_HEADER = YES;
				CLANG_WARN_RANGE_LOOP_ANALYSIS = YES;
				CLANG_WARN_STRICT_PROTOTYPES = YES;
				CLANG_WARN_SUSPICIOUS_MOVE = YES;
				CLANG_WARN_UNGUARDED_AVAILABILITY = YES_AGGRESSIVE;
				CLANG_WARN_UNREACHABLE_CODE = YES;
				CLANG_WARN__DUPLICATE_METHOD_MATCH = YES;
				COPY_PHASE_STRIP = NO;
				DEBUG_INFORMATION_FORMAT = "dwarf-with-dsym";
				ENABLE_NS_ASSERTIONS = NO;
				ENABLE_STRICT_OBJC_MSGSEND = YES;
				GCC_C_LANGUAGE_STANDARD = gnu11;
				GCC_NO_COMMON_BLOCKS = YES;
				GCC_WARN_64_TO_32_BIT_CONVERSION = YES;
				GCC_WARN_ABOUT_RETURN_TYPE = YES_ERROR;
				GCC_WARN_UNDECLARED_SELECTOR = YES;
				GCC_WARN_UNINITIALIZED_AUTOS = YES_AGGRESSIVE;
				GCC_WARN_UNUSED_FUNCTION = YES;
				GCC_WARN_UNUSED_VARIABLE = YES;
				IPHONEOS_DEPLOYMENT_TARGET = 16.0;
				MTL_ENABLE_DEBUG_INFO = NO;
				MTL_FAST_MATH = YES;
				SDKROOT = iphoneos;
				SWIFT_COMPILATION_MODE = wholemodule;
				SWIFT_OPTIMIZATION_LEVEL = "-O";
				VALIDATE_PRODUCT = YES;
			};
			name = Release;
		};
		C1A605FB28D21EEE0004EF27 /* Debug */ = {
			isa = XCBuildConfiguration;
			buildSettings = {
				ASSETCATALOG_COMPILER_APPICON_NAME = AppIcon;
				ASSETCATALOG_COMPILER_GLOBAL_ACCENT_COLOR_NAME = AccentColor;
				CODE_SIGN_STYLE = Automatic;
				CURRENT_PROJECT_VERSION = 1;
				DEVELOPMENT_TEAM = T5247R2H6B;
				GENERATE_INFOPLIST_FILE = YES;
				INFOPLIST_FILE = GameOfLife/Info.plist;
				INFOPLIST_KEY_UIApplicationSupportsIndirectInputEvents = YES;
				INFOPLIST_KEY_UILaunchStoryboardName = LaunchScreen;
				INFOPLIST_KEY_UIMainStoryboardFile = Main;
				INFOPLIST_KEY_UISupportedInterfaceOrientations = UIInterfaceOrientationPortrait;
				IPHONEOS_DEPLOYMENT_TARGET = 14.7;
				LD_RUNPATH_SEARCH_PATHS = (
					"$(inherited)",
					"@executable_path/Frameworks",
				);
				MARKETING_VERSION = 1.0;
				PRODUCT_BUNDLE_IDENTIFIER = com.philip.GameOfLife;
				PRODUCT_NAME = "$(TARGET_NAME)";
				SWIFT_EMIT_LOC_STRINGS = YES;
				SWIFT_VERSION = 5.0;
				TARGETED_DEVICE_FAMILY = "1,2";
			};
			name = Debug;
		};
		C1A605FC28D21EEE0004EF27 /* Release */ = {
			isa = XCBuildConfiguration;
			buildSettings = {
				ASSETCATALOG_COMPILER_APPICON_NAME = AppIcon;
				ASSETCATALOG_COMPILER_GLOBAL_ACCENT_COLOR_NAME = AccentColor;
				CODE_SIGN_STYLE = Automatic;
				CURRENT_PROJECT_VERSION = 1;
				DEVELOPMENT_TEAM = T5247R2H6B;
				GENERATE_INFOPLIST_FILE = YES;
				INFOPLIST_FILE = GameOfLife/Info.plist;
				INFOPLIST_KEY_UIApplicationSupportsIndirectInputEvents = YES;
				INFOPLIST_KEY_UILaunchStoryboardName = LaunchScreen;
				INFOPLIST_KEY_UIMainStoryboardFile = Main;
				INFOPLIST_KEY_UISupportedInterfaceOrientations = UIInterfaceOrientationPortrait;
				IPHONEOS_DEPLOYMENT_TARGET = 14.7;
				LD_RUNPATH_SEARCH_PATHS = (
					"$(inherited)",
					"@executable_path/Frameworks",
				);
				MARKETING_VERSION = 1.0;
				PRODUCT_BUNDLE_IDENTIFIER = com.philip.GameOfLife;
				PRODUCT_NAME = "$(TARGET_NAME)";
				SWIFT_EMIT_LOC_STRINGS = YES;
				SWIFT_VERSION = 5.0;
				TARGETED_DEVICE_FAMILY = "1,2";
			};
			name = Release;
		};
/* End XCBuildConfiguration section */

/* Begin XCConfigurationList section */
		C1A605E128D21EEB0004EF27 /* Build configuration list for PBXProject "GameOfLife" */ = {
			isa = XCConfigurationList;
			buildConfigurations = (
				C1A605F828D21EEE0004EF27 /* Debug */,
				C1A605F928D21EEE0004EF27 /* Release */,
			);
			defaultConfigurationIsVisible = 0;
			defaultConfigurationName = Release;
		};
		C1A605FA28D21EEE0004EF27 /* Build configuration list for PBXNativeTarget "GameOfLife" */ = {
			isa = XCConfigurationList;
			buildConfigurations = (
				C1A605FB28D21EEE0004EF27 /* Debug */,
				C1A605FC28D21EEE0004EF27 /* Release */,
			);
			defaultConfigurationIsVisible = 0;
			defaultConfigurationName = Release;
		};
/* End XCConfigurationList section */
	};
	rootObject = C1A605DE28D21EEB0004EF27 /* Project object */;
}
